version = 1
revision = 3
requires-python = "==3.11.*"

[[package]]
name = "boto3"
version = "1.41.1"
source = { registry = "https://pypi.python.org/simple" }
dependencies = [
    { name = "botocore" },
    { name = "jmespath" },
    { name = "s3transfer" },
]
sdist = { url = "https://files.pythonhosted.org/packages/19/9d/a8d41de19d81c87dd9d7528e8ad2f4f0c0282d0899a70a3d963472064063/boto3-1.41.1.tar.gz", hash = "sha256:fdee48cff828cfe0fb66295ae4d5f47736ee35f11e1de6be6c6dcd910f0810a4", size = 111611, upload-time = "2025-11-20T20:29:06.262Z" }
wheels = [
    { url = "https://files.pythonhosted.org/packages/20/c7/d72f9843d207a222a6471a019390470b075aff2aa7c5bba32b202f7a26de/boto3-1.41.1-py3-none-any.whl", hash = "sha256:05009dadcb0c63a2a4a11780f615362a811aa85e7a6950f2793ecf8055fcd1f2", size = 139341, upload-time = "2025-11-20T20:29:04.373Z" },
]

[[package]]
name = "botocore"
version = "1.41.1"
source = { registry = "https://pypi.python.org/simple" }
dependencies = [
    { name = "jmespath" },
    { name = "python-dateutil" },
    { name = "urllib3" },
]
sdist = { url = "https://files.pythonhosted.org/packages/eb/f3/d14135ce1c0fe175254e969a2cf7394062a7e52bf1a3d699b30982c0622a/botocore-1.41.1.tar.gz", hash = "sha256:e98095492ef8f18d0d6a02ba87d9135c663d4627322e049228143b3a4ef4c2a3", size = 14616877, upload-time = "2025-11-20T20:28:52.444Z" }
wheels = [
    { url = "https://files.pythonhosted.org/packages/05/e2/393c9aabe516dfd963113e8b777ece95eff921d83703b1b01d58047d9d43/botocore-1.41.1-py3-none-any.whl", hash = "sha256:0db40b7dbddef56fe8cfa06b5eda73b327786db9d64c09c3a616fc9b5548120d", size = 14280736, upload-time = "2025-11-20T20:28:48.578Z" },
]

[[package]]
name = "docopt"
version = "0.6.2"
source = { registry = "https://pypi.python.org/simple" }
sdist = { url = "https://files.pythonhosted.org/packages/a2/55/8f8cab2afd404cf578136ef2cc5dfb50baa1761b68c9da1fb1e4eed343c9/docopt-0.6.2.tar.gz", hash = "sha256:49b3a825280bd66b3aa83585ef59c4a8c82f2c8a522dbe754a8bc8d08c85c491", size = 25901, upload-time = "2014-06-16T11:18:57.406Z" }

[[package]]
name = "ec2-security-groups-dumper"
version = "1.9.2"
source = { registry = "https://pypi.python.org/simple" }
dependencies = [
    { name = "boto3" },
    { name = "docopt" },
]
sdist = { url = "https://files.pythonhosted.org/packages/6f/df/5c0cc2063d5eae64f678fc573d4366b15ecb3e02a1495572d5cfa87b9b91/ec2-security-groups-dumper-1.9.2.tar.gz", hash = "sha256:edb0dbab639b6dc881b6a684c2fae30141d4d28c9a91a79d5d56d9e6a7319ed6", size = 4278, upload-time = "2019-04-17T21:22:55.414Z" }

[[package]]
name = "jmespath"
version = "1.0.1"
source = { registry = "https://pypi.python.org/simple" }
sdist = { url = "https://files.pythonhosted.org/packages/00/2a/e867e8531cf3e36b41201936b7fa7ba7b5702dbef42922193f05c8976cd6/jmespath-1.0.1.tar.gz", hash = "sha256:90261b206d6defd58fdd5e85f478bf633a2901798906be2ad389150c5c60edbe", size = 25843, upload-time = "2022-06-17T18:00:12.224Z" }
wheels = [
    { url = "https://files.pythonhosted.org/packages/31/b4/b9b800c45527aadd64d5b442f9b932b00648617eb5d63d2c7a6587b7cafc/jmespath-1.0.1-py3-none-any.whl", hash = "sha256:02e2e4cc71b5bcab88332eebf907519190dd9e6e82107fa7f83b1003a6252980", size = 20256, upload-time = "2022-06-17T18:00:10.251Z" },
]

[[package]]
name = "python-dateutil"
version = "2.9.0.post0"
source = { registry = "https://pypi.python.org/simple" }
dependencies = [
    { name = "six" },
]
sdist = { url = "https://files.pythonhosted.org/packages/66/c0/0c8b6ad9f17a802ee498c46e004a0eb49bc148f2fd230864601a86dcf6db/python-dateutil-2.9.0.post0.tar.gz", hash = "sha256:37dd54208da7e1cd875388217d5e00ebd4179249f90fb72437e91a35459a0ad3", size = 342432, upload-time = "2024-03-01T18:36:20.211Z" }
wheels = [
    { url = "https://files.pythonhosted.org/packages/ec/57/56b9bcc3c9c6a792fcbaf139543cee77261f3651ca9da0c93f5c1221264b/python_dateutil-2.9.0.post0-py2.py3-none-any.whl", hash = "sha256:a8b2bc7bffae282281c8140a97d3aa9c14da0b136dfe83f850eea9a5f7470427", size = 229892, upload-time = "2024-03-01T18:36:18.57Z" },
]

[[package]]
name = "s3transfer"
version = "0.15.0"
source = { registry = "https://pypi.python.org/simple" }
dependencies = [
    { name = "botocore" },
]
sdist = { url = "https://files.pythonhosted.org/packages/ca/bb/940d6af975948c1cc18f44545ffb219d3c35d78ec972b42ae229e8e37e08/s3transfer-0.15.0.tar.gz", hash = "sha256:d36fac8d0e3603eff9b5bfa4282c7ce6feb0301a633566153cbd0b93d11d8379", size = 152185, upload-time = "2025-11-20T20:28:56.327Z" }
wheels = [
    { url = "https://files.pythonhosted.org/packages/5f/e1/5ef25f52973aa12a19cf4e1375d00932d7fb354ffd310487ba7d44225c1a/s3transfer-0.15.0-py3-none-any.whl", hash = "sha256:6f8bf5caa31a0865c4081186689db1b2534cef721d104eb26101de4b9d6a5852", size = 85984, upload-time = "2025-11-20T20:28:55.046Z" },
]

[[package]]
name = "sgq"
version = "0.0.1"
source = { virtual = "." }
dependencies = [
    { name = "boto3" },
    { name = "ec2-security-groups-dumper" },
]

[package.metadata]
requires-dist = [
    { name = "boto3" },
    { name = "ec2-security-groups-dumper" },
]

[package.metadata.requires-dev]
dev = []

[[package]]
name = "six"
version = "1.17.0"
source = { registry = "https://pypi.python.org/simple" }
sdist = { url = "https://files.pythonhosted.org/packages/94/e7/b2c673351809dca68a0e064b6af791aa332cf192da575fd474ed7d6f16a2/six-1.17.0.tar.gz", hash = "sha256:ff70335d468e7eb6ec65b95b99d3a2836546063f63acc5171de367e834932a81", size = 34031, upload-time = "2024-12-04T17:35:28.174Z" }
wheels = [
    { url = "https://files.pythonhosted.org/packages/b7/ce/149a00dd41f10bc29e5921b496af8b574d8413afcd5e30dfa0ed46c2cc5e/six-1.17.0-py2.py3-none-any.whl", hash = "sha256:4721f391ed90541fddacab5acf947aa0d3dc7d27b2e1e8eda2be8970586c3274", size = 11050, upload-time = "2024-12-04T17:35:26.475Z" },
]

[[package]]
name = "urllib3"
version = "2.5.0"
source = { registry = "https://pypi.python.org/simple" }
sdist = { url = "https://files.pythonhosted.org/packages/15/22/9ee70a2574a4f4599c47dd506532914ce044817c7752a79b6a51286319bc/urllib3-2.5.0.tar.gz", hash = "sha256:3fc47733c7e419d4bc3f6b3dc2b4f890bb743906a30d56ba4a5bfa4bbff92760", size = 393185, upload-time = "2025-06-18T14:07:41.644Z" }
wheels = [
    { url = "https://files.pythonhosted.org/packages/a7/c2/fe1e52489ae3122415c51f387e221dd0773709bad6c6cdaa599e8a2c5185/urllib3-2.5.0-py3-none-any.whl", hash = "sha256:e6b01673c0fa6a13e374b50871808eb3bf7046c4b125b216f6bf1cc604cff0dc", size = 129795, upload-time = "2025-06-18T14:07:40.39Z" },
]
